{
  "name": "@josueavalosjim/panelware",
  "version": "0.0.0",
  "lockfileVersion": 3,
  "requires": true,
  "packages": {
    "": {
      "name": "@josueavalosjim/panelware",
      "version": "0.0.0",
      "license": "MIT",
      "devDependencies": {
        "@josueavalosjim/taste-check": "^0.12.0"
      },
      "engines": {
        "node": ">=22"
      },
      "peerDependencies": {
        "radix-ui": "^1.6",
        "react": "^19"
      },
      "peerDependenciesMeta": {
        "radix-ui": {
          "optional": true
        },
        "react": {
          "optional": true
        }
      }
    },
    "node_modules/@josueavalosjim/taste-check": {
      "version": "0.12.0",
      "resolved": "https://registry.npmjs.org/@josueavalosjim/taste-check/-/taste-check-0.12.0.tgz",
      "integrity": "sha512-6+MHwc2hheJ1Q4pNwojc+fEB0hQk9WMAH+k/coxVHahi+qQ0L6NMAUBf0GBE8UKceKrGkcwSfLs5TEajdHr5cQ==",
      "dev": true,
      "license": "MIT",
      "bin": {
        "taste-check": "bin/taste-check.mjs"
      },
      "engines": {
        "node": ">=22"
      }
    }
  }
}
